
Microsoft Visual Studio Solution File, Format Version 12.00
# Visual Studio Version 17
VisualStudioVersion = 17.11.35222.181
MinimumVisualStudioVersion = 10.0.40219.1
Project("{FAE04EC0-301F-11D3-BF4B-00C04F79EFBC}") = "ReservationSystem", "ReservationSystem\ReservationSystem.csproj", "{E012CDB5-3EC3-44B9-8DB3-801269795F4E}"
EndProject
Global
	GlobalSection(SolutionConfigurationPlatforms) = preSolution
		Debug|Any CPU = Debug|Any CPU
		Release|Any CPU = Release|Any CPU
	EndGlobalSection
	GlobalSection(ProjectConfigurationPlatforms) = postSolution
		{E012CDB5-3EC3-44B9-8DB3-801269795F4E}.Debug|Any CPU.ActiveCfg = Debug|Any CPU
		{E012CDB5-3EC3-44B9-8DB3-801269795F4E}.Debug|Any CPU.Build.0 = Debug|Any CPU
		{E012CDB5-3EC3-44B9-8DB3-801269795F4E}.Release|Any CPU.ActiveCfg = Release|Any CPU
		{E012CDB5-3EC3-44B9-8DB3-801269795F4E}.Release|Any CPU.Build.0 = Release|Any CPU
	EndGlobalSection
	GlobalSection(SolutionProperties) = preSolution
		HideSolutionNode = FALSE
	EndGlobalSection
	GlobalSection(ExtensibilityGlobals) = postSolution
		SolutionGuid = {F6753588-4DDE-4270-AA96-EC122657D65C}
	EndGlobalSection
EndGlobal
